// !$*UTF8*$!
{
	archiveVersion = 1;
	classes = {
	};
	objectVersion = 42;
	objects = {

/* Begin PBXBuildFile section */
		6A0FF641102ED1C7003089B7 /* BKXMLMapper.m in Sources */ = {isa = PBXBuildFile; fileRef = 6A0FF640102ED1C7003089B7 /* BKXMLMapper.m */; };
		6A1667FC105630E900EA9C34 /* BKError.m in Sources */ = {isa = PBXBuildFile; fileRef = 6A1667FB105630E900EA9C34 /* BKError.m */; };
		6A1668BF105638F500EA9C34 /* BKAPIRequestClasses.m in Sources */ = {isa = PBXBuildFile; fileRef = 6A1668BE105638F500EA9C34 /* BKAPIRequestClasses.m */; };
		6A832D73102EC38200510B1F /* TestBasicFunctions.m in Sources */ = {isa = PBXBuildFile; fileRef = 6A832D72102EC38200510B1F /* TestBasicFunctions.m */; };
		6A832D76102EC43200510B1F /* Foundation.framework in Frameworks */ = {isa = PBXBuildFile; fileRef = 6A832D75102EC43200510B1F /* Foundation.framework */; };
		6A832D78102EC43200510B1F /* SystemConfiguration.framework in Frameworks */ = {isa = PBXBuildFile; fileRef = 6A832D77102EC43200510B1F /* SystemConfiguration.framework */; };
		6A832D9A102EC57C00510B1F /* LFHTTPRequest.m in Sources */ = {isa = PBXBuildFile; fileRef = 6A832D91102EC57C00510B1F /* LFHTTPRequest.m */; };
		6A832D9B102EC57C00510B1F /* LFSiteReachability.m in Sources */ = {isa = PBXBuildFile; fileRef = 6A832D93102EC57C00510B1F /* LFSiteReachability.m */; };
		6A832D9C102EC57C00510B1F /* NSData+LFHTTPFormExtensions.m in Sources */ = {isa = PBXBuildFile; fileRef = 6A832D96102EC57C00510B1F /* NSData+LFHTTPFormExtensions.m */; };
		6A832D9D102EC57C00510B1F /* BugzKit.m in Sources */ = {isa = PBXBuildFile; fileRef = 6A832D99102EC57C00510B1F /* BugzKit.m */; };
		6ADE9BA21055477900788DA1 /* BKAPIContext.m in Sources */ = {isa = PBXBuildFile; fileRef = 6ADE9B991055477900788DA1 /* BKAPIContext.m */; };
		6ADE9BA31055477900788DA1 /* BKRequest.m in Sources */ = {isa = PBXBuildFile; fileRef = 6ADE9B9E1055477900788DA1 /* BKRequest.m */; };
		6ADE9BA41055477900788DA1 /* BKRequestQueue.m in Sources */ = {isa = PBXBuildFile; fileRef = 6ADE9BA11055477900788DA1 /* BKRequestQueue.m */; };
/* End PBXBuildFile section */

/* Begin PBXFileReference section */
		6A0FF63F102ED1C7003089B7 /* BKXMLMapper.h */ = {isa = PBXFileReference; fileEncoding = 4; lastKnownFileType = sourcecode.c.h; path = BKXMLMapper.h; sourceTree = "<group>"; };
		6A0FF640102ED1C7003089B7 /* BKXMLMapper.m */ = {isa = PBXFileReference; fileEncoding = 4; lastKnownFileType = sourcecode.c.objc; path = BKXMLMapper.m; sourceTree = "<group>"; };
		6A1667FB105630E900EA9C34 /* BKError.m */ = {isa = PBXFileReference; fileEncoding = 4; lastKnownFileType = sourcecode.c.objc; path = BKError.m; sourceTree = "<group>"; };
		6A1668BD105638F500EA9C34 /* BKAPIRequestClasses.h */ = {isa = PBXFileReference; fileEncoding = 4; lastKnownFileType = sourcecode.c.h; path = BKAPIRequestClasses.h; sourceTree = "<group>"; };
		6A1668BE105638F500EA9C34 /* BKAPIRequestClasses.m */ = {isa = PBXFileReference; fileEncoding = 4; lastKnownFileType = sourcecode.c.objc; path = BKAPIRequestClasses.m; sourceTree = "<group>"; };
		6A832D5A102EC33800510B1F /* TestBasicFunctions.octest */ = {isa = PBXFileReference; explicitFileType = wrapper.cfbundle; includeInIndex = 0; path = TestBasicFunctions.octest; sourceTree = BUILT_PRODUCTS_DIR; };
		6A832D5C102EC33800510B1F /* TestBasicFunctions-Info.plist */ = {isa = PBXFileReference; lastKnownFileType = text.plist.xml; path = "TestBasicFunctions-Info.plist"; sourceTree = "<group>"; };
		6A832D71102EC38200510B1F /* TestBasicFunctions.h */ = {isa = PBXFileReference; fileEncoding = 4; lastKnownFileType = sourcecode.c.h; path = TestBasicFunctions.h; sourceTree = "<group>"; };
		6A832D72102EC38200510B1F /* TestBasicFunctions.m */ = {isa = PBXFileReference; fileEncoding = 4; lastKnownFileType = sourcecode.c.objc; path = TestBasicFunctions.m; sourceTree = "<group>"; };
		6A832D75102EC43200510B1F /* Foundation.framework */ = {isa = PBXFileReference; lastKnownFileType = wrapper.framework; name = Foundation.framework; path = /System/Library/Frameworks/Foundation.framework; sourceTree = "<absolute>"; };
		6A832D77102EC43200510B1F /* SystemConfiguration.framework */ = {isa = PBXFileReference; lastKnownFileType = wrapper.framework; name = SystemConfiguration.framework; path = /System/Library/Frameworks/SystemConfiguration.framework; sourceTree = "<absolute>"; };
		6A832D80102EC4D100510B1F /* TestEndpoint.h */ = {isa = PBXFileReference; fileEncoding = 4; lastKnownFileType = sourcecode.c.h; path = TestEndpoint.h; sourceTree = "<group>"; };
		6A832D90102EC57C00510B1F /* LFHTTPRequest.h */ = {isa = PBXFileReference; fileEncoding = 4; lastKnownFileType = sourcecode.c.h; path = LFHTTPRequest.h; sourceTree = "<group>"; };
		6A832D91102EC57C00510B1F /* LFHTTPRequest.m */ = {isa = PBXFileReference; fileEncoding = 4; lastKnownFileType = sourcecode.c.objc; path = LFHTTPRequest.m; sourceTree = "<group>"; };
		6A832D92102EC57C00510B1F /* LFSiteReachability.h */ = {isa = PBXFileReference; fileEncoding = 4; lastKnownFileType = sourcecode.c.h; path = LFSiteReachability.h; sourceTree = "<group>"; };
		6A832D93102EC57C00510B1F /* LFSiteReachability.m */ = {isa = PBXFileReference; fileEncoding = 4; lastKnownFileType = sourcecode.c.objc; path = LFSiteReachability.m; sourceTree = "<group>"; };
		6A832D94102EC57C00510B1F /* LFWebAPIKit.h */ = {isa = PBXFileReference; fileEncoding = 4; lastKnownFileType = sourcecode.c.h; path = LFWebAPIKit.h; sourceTree = "<group>"; };
		6A832D95102EC57C00510B1F /* NSData+LFHTTPFormExtensions.h */ = {isa = PBXFileReference; fileEncoding = 4; lastKnownFileType = sourcecode.c.h; path = "NSData+LFHTTPFormExtensions.h"; sourceTree = "<group>"; };
		6A832D96102EC57C00510B1F /* NSData+LFHTTPFormExtensions.m */ = {isa = PBXFileReference; fileEncoding = 4; lastKnownFileType = sourcecode.c.objc; path = "NSData+LFHTTPFormExtensions.m"; sourceTree = "<group>"; };
		6A832D98102EC57C00510B1F /* BugzKit.h */ = {isa = PBXFileReference; fileEncoding = 4; lastKnownFileType = sourcecode.c.h; path = BugzKit.h; sourceTree = "<group>"; };
		6A832D99102EC57C00510B1F /* BugzKit.m */ = {isa = PBXFileReference; fileEncoding = 4; lastKnownFileType = sourcecode.c.objc; path = BugzKit.m; sourceTree = "<group>"; };
		6ADE9B981055477900788DA1 /* BKAPIContext.h */ = {isa = PBXFileReference; fileEncoding = 4; lastKnownFileType = sourcecode.c.h; path = BKAPIContext.h; sourceTree = "<group>"; };
		6ADE9B991055477900788DA1 /* BKAPIContext.m */ = {isa = PBXFileReference; fileEncoding = 4; lastKnownFileType = sourcecode.c.objc; path = BKAPIContext.m; sourceTree = "<group>"; };
		6ADE9B9A1055477900788DA1 /* BKAPIContext+ProtectedMethods.h */ = {isa = PBXFileReference; fileEncoding = 4; lastKnownFileType = sourcecode.c.h; path = "BKAPIContext+ProtectedMethods.h"; sourceTree = "<group>"; };
		6ADE9B9B1055477900788DA1 /* BKError.h */ = {isa = PBXFileReference; fileEncoding = 4; lastKnownFileType = sourcecode.c.h; path = BKError.h; sourceTree = "<group>"; };
		6ADE9B9C1055477900788DA1 /* BKPrivateUtilities.h */ = {isa = PBXFileReference; fileEncoding = 4; lastKnownFileType = sourcecode.c.h; path = BKPrivateUtilities.h; sourceTree = "<group>"; };
		6ADE9B9D1055477900788DA1 /* BKRequest.h */ = {isa = PBXFileReference; fileEncoding = 4; lastKnownFileType = sourcecode.c.h; path = BKRequest.h; sourceTree = "<group>"; };
		6ADE9B9E1055477900788DA1 /* BKRequest.m */ = {isa = PBXFileReference; fileEncoding = 4; lastKnownFileType = sourcecode.c.objc; path = BKRequest.m; sourceTree = "<group>"; };
		6ADE9B9F1055477900788DA1 /* BKRequest+ProtectedMethods.h */ = {isa = PBXFileReference; fileEncoding = 4; lastKnownFileType = sourcecode.c.h; path = "BKRequest+ProtectedMethods.h"; sourceTree = "<group>"; };
		6ADE9BA01055477900788DA1 /* BKRequestQueue.h */ = {isa = PBXFileReference; fileEncoding = 4; lastKnownFileType = sourcecode.c.h; path = BKRequestQueue.h; sourceTree = "<group>"; };
		6ADE9BA11055477900788DA1 /* BKRequestQueue.m */ = {isa = PBXFileReference; fileEncoding = 4; lastKnownFileType = sourcecode.c.objc; path = BKRequestQueue.m; sourceTree = "<group>"; };
/* End PBXFileReference section */

/* Begin PBXFrameworksBuildPhase section */
		6A832D57102EC33800510B1F /* Frameworks */ = {
			isa = PBXFrameworksBuildPhase;
			buildActionMask = 2147483647;
			files = (
				6A832D76102EC43200510B1F /* Foundation.framework in Frameworks */,
				6A832D78102EC43200510B1F /* SystemConfiguration.framework in Frameworks */,
			);
			runOnlyForDeploymentPostprocessing = 0;
		};
/* End PBXFrameworksBuildPhase section */

/* Begin PBXGroup section */
		6A832D47102EC30100510B1F = {
			isa = PBXGroup;
			children = (
				6A832D8F102EC57C00510B1F /* LFWebAPIKit */,
				6A832D97102EC57C00510B1F /* Source */,
				6A832D70102EC36F00510B1F /* Tests */,
				6A832D5B102EC33800510B1F /* Products */,
				6A832D5C102EC33800510B1F /* TestBasicFunctions-Info.plist */,
				6A832D75102EC43200510B1F /* Foundation.framework */,
				6A832D77102EC43200510B1F /* SystemConfiguration.framework */,
			);
			sourceTree = "<group>";
		};
		6A832D5B102EC33800510B1F /* Products */ = {
			isa = PBXGroup;
			children = (
				6A832D5A102EC33800510B1F /* TestBasicFunctions.octest */,
			);
			name = Products;
			sourceTree = "<group>";
		};
		6A832D70102EC36F00510B1F /* Tests */ = {
			isa = PBXGroup;
			children = (
				6A832D80102EC4D100510B1F /* TestEndpoint.h */,
				6A832D71102EC38200510B1F /* TestBasicFunctions.h */,
				6A832D72102EC38200510B1F /* TestBasicFunctions.m */,
			);
			path = Tests;
			sourceTree = "<group>";
		};
		6A832D8F102EC57C00510B1F /* LFWebAPIKit */ = {
			isa = PBXGroup;
			children = (
				6A832D90102EC57C00510B1F /* LFHTTPRequest.h */,
				6A832D91102EC57C00510B1F /* LFHTTPRequest.m */,
				6A832D92102EC57C00510B1F /* LFSiteReachability.h */,
				6A832D93102EC57C00510B1F /* LFSiteReachability.m */,
				6A832D94102EC57C00510B1F /* LFWebAPIKit.h */,
				6A832D95102EC57C00510B1F /* NSData+LFHTTPFormExtensions.h */,
				6A832D96102EC57C00510B1F /* NSData+LFHTTPFormExtensions.m */,
			);
			path = LFWebAPIKit;
			sourceTree = "<group>";
		};
		6A832D97102EC57C00510B1F /* Source */ = {
			isa = PBXGroup;
			children = (
				6A1668BD105638F500EA9C34 /* BKAPIRequestClasses.h */,
				6A1668BE105638F500EA9C34 /* BKAPIRequestClasses.m */,
				6ADE9B981055477900788DA1 /* BKAPIContext.h */,
				6ADE9B991055477900788DA1 /* BKAPIContext.m */,
				6ADE9B9A1055477900788DA1 /* BKAPIContext+ProtectedMethods.h */,
				6ADE9B9B1055477900788DA1 /* BKError.h */,
				6A1667FB105630E900EA9C34 /* BKError.m */,
				6ADE9B9C1055477900788DA1 /* BKPrivateUtilities.h */,
				6ADE9B9D1055477900788DA1 /* BKRequest.h */,
				6ADE9B9E1055477900788DA1 /* BKRequest.m */,
				6ADE9B9F1055477900788DA1 /* BKRequest+ProtectedMethods.h */,
				6ADE9BA01055477900788DA1 /* BKRequestQueue.h */,
				6ADE9BA11055477900788DA1 /* BKRequestQueue.m */,
				6A0FF63F102ED1C7003089B7 /* BKXMLMapper.h */,
				6A0FF640102ED1C7003089B7 /* BKXMLMapper.m */,
				6A832D98102EC57C00510B1F /* BugzKit.h */,
				6A832D99102EC57C00510B1F /* BugzKit.m */,
			);
			path = Source;
			sourceTree = "<group>";
		};
/* End PBXGroup section */

/* Begin PBXNativeTarget section */
		6A832D59102EC33800510B1F /* TestBasicFunctions */ = {
			isa = PBXNativeTarget;
			buildConfigurationList = 6A832D5F102EC33D00510B1F /* Build configuration list for PBXNativeTarget "TestBasicFunctions" */;
			buildPhases = (
				6A832D55102EC33800510B1F /* Resources */,
				6A832D56102EC33800510B1F /* Sources */,
				6A832D57102EC33800510B1F /* Frameworks */,
				6A832D58102EC33800510B1F /* ShellScript */,
			);
			buildRules = (
			);
			dependencies = (
			);
			name = TestBasicFunctions;
			productName = TestBasicFunctions;
			productReference = 6A832D5A102EC33800510B1F /* TestBasicFunctions.octest */;
			productType = "com.apple.product-type.bundle";
		};
/* End PBXNativeTarget section */

/* Begin PBXProject section */
		6A832D49102EC30100510B1F /* Project object */ = {
			isa = PBXProject;
			buildConfigurationList = 6A832D4C102EC30100510B1F /* Build configuration list for PBXProject "BugzKit" */;
			compatibilityVersion = "Xcode 2.4";
			hasScannedForEncodings = 0;
			mainGroup = 6A832D47102EC30100510B1F;
			productRefGroup = 6A832D5B102EC33800510B1F /* Products */;
			projectDirPath = "";
			projectRoot = "";
			targets = (
				6A832D59102EC33800510B1F /* TestBasicFunctions */,
			);
		};
/* End PBXProject section */

/* Begin PBXResourcesBuildPhase section */
		6A832D55102EC33800510B1F /* Resources */ = {
			isa = PBXResourcesBuildPhase;
			buildActionMask = 2147483647;
			files = (
			);
			runOnlyForDeploymentPostprocessing = 0;
		};
/* End PBXResourcesBuildPhase section */

/* Begin PBXShellScriptBuildPhase section */
		6A832D58102EC33800510B1F /* ShellScript */ = {
			isa = PBXShellScriptBuildPhase;
			buildActionMask = 2147483647;
			files = (
			);
			inputPaths = (
			);
			outputPaths = (
			);
			runOnlyForDeploymentPostprocessing = 0;
			shellPath = /bin/sh;
			shellScript = "# Run the unit tests in this test bundle.\n\"${SYSTEM_DEVELOPER_DIR}/Tools/RunUnitTests\"\n";
		};
/* End PBXShellScriptBuildPhase section */

/* Begin PBXSourcesBuildPhase section */
		6A832D56102EC33800510B1F /* Sources */ = {
			isa = PBXSourcesBuildPhase;
			buildActionMask = 2147483647;
			files = (
				6A832D73102EC38200510B1F /* TestBasicFunctions.m in Sources */,
				6A832D9A102EC57C00510B1F /* LFHTTPRequest.m in Sources */,
				6A832D9B102EC57C00510B1F /* LFSiteReachability.m in Sources */,
				6A832D9C102EC57C00510B1F /* NSData+LFHTTPFormExtensions.m in Sources */,
				6A832D9D102EC57C00510B1F /* BugzKit.m in Sources */,
				6A0FF641102ED1C7003089B7 /* BKXMLMapper.m in Sources */,
				6ADE9BA21055477900788DA1 /* BKAPIContext.m in Sources */,
				6ADE9BA31055477900788DA1 /* BKRequest.m in Sources */,
				6ADE9BA41055477900788DA1 /* BKRequestQueue.m in Sources */,
				6A1667FC105630E900EA9C34 /* BKError.m in Sources */,
				6A1668BF105638F500EA9C34 /* BKAPIRequestClasses.m in Sources */,
			);
			runOnlyForDeploymentPostprocessing = 0;
		};
/* End PBXSourcesBuildPhase section */

/* Begin XCBuildConfiguration section */
		6A832D4A102EC30100510B1F /* Debug */ = {
			isa = XCBuildConfiguration;
			buildSettings = {
				COPY_PHASE_STRIP = NO;
			};
			name = Debug;
		};
		6A832D4B102EC30100510B1F /* Release */ = {
			isa = XCBuildConfiguration;
			buildSettings = {
				COPY_PHASE_STRIP = YES;
			};
			name = Release;
		};
		6A832D5D102EC33D00510B1F /* Debug */ = {
			isa = XCBuildConfiguration;
			buildSettings = {
				ALWAYS_SEARCH_USER_PATHS = NO;
				COPY_PHASE_STRIP = NO;
				FRAMEWORK_SEARCH_PATHS = "$(DEVELOPER_LIBRARY_DIR)/Frameworks";
				GCC_DYNAMIC_NO_PIC = NO;
				GCC_ENABLE_FIX_AND_CONTINUE = NO;
				GCC_ENABLE_OBJC_EXCEPTIONS = YES;
				GCC_MODEL_TUNING = G5;
				GCC_OPTIMIZATION_LEVEL = 0;
				GCC_PRECOMPILE_PREFIX_HEADER = YES;
				GCC_PREFIX_HEADER = "$(SYSTEM_LIBRARY_DIR)/Frameworks/Cocoa.framework/Headers/Cocoa.h";
				INFOPLIST_FILE = "TestBasicFunctions-Info.plist";
				INSTALL_PATH = "$(USER_LIBRARY_DIR)/Bundles";
				OTHER_LDFLAGS = (
					"-framework",
					Cocoa,
					"-framework",
					SenTestingKit,
				);
				PREBINDING = NO;
				PRODUCT_NAME = TestBasicFunctions;
				WRAPPER_EXTENSION = octest;
			};
			name = Debug;
		};
		6A832D5E102EC33D00510B1F /* Release */ = {
			isa = XCBuildConfiguration;
			buildSettings = {
				ALWAYS_SEARCH_USER_PATHS = NO;
				COPY_PHASE_STRIP = YES;
				DEBUG_INFORMATION_FORMAT = "dwarf-with-dsym";
				FRAMEWORK_SEARCH_PATHS = "$(DEVELOPER_LIBRARY_DIR)/Frameworks";
				GCC_ENABLE_FIX_AND_CONTINUE = NO;
				GCC_ENABLE_OBJC_EXCEPTIONS = YES;
				GCC_MODEL_TUNING = G5;
				GCC_PRECOMPILE_PREFIX_HEADER = YES;
				GCC_PREFIX_HEADER = "$(SYSTEM_LIBRARY_DIR)/Frameworks/Cocoa.framework/Headers/Cocoa.h";
				INFOPLIST_FILE = "TestBasicFunctions-Info.plist";
				INSTALL_PATH = "$(USER_LIBRARY_DIR)/Bundles";
				OTHER_LDFLAGS = (
					"-framework",
					Cocoa,
					"-framework",
					SenTestingKit,
				);
				PREBINDING = NO;
				PRODUCT_NAME = TestBasicFunctions;
				WRAPPER_EXTENSION = octest;
				ZERO_LINK = NO;
			};
			name = Release;
		};
/* End XCBuildConfiguration section */

/* Begin XCConfigurationList section */
		6A832D4C102EC30100510B1F /* Build configuration list for PBXProject "BugzKit" */ = {
			isa = XCConfigurationList;
			buildConfigurations = (
				6A832D4A102EC30100510B1F /* Debug */,
				6A832D4B102EC30100510B1F /* Release */,
			);
			defaultConfigurationIsVisible = 0;
			defaultConfigurationName = Release;
		};
		6A832D5F102EC33D00510B1F /* Build configuration list for PBXNativeTarget "TestBasicFunctions" */ = {
			isa = XCConfigurationList;
			buildConfigurations = (
				6A832D5D102EC33D00510B1F /* Debug */,
				6A832D5E102EC33D00510B1F /* Release */,
			);
			defaultConfigurationIsVisible = 0;
			defaultConfigurationName = Release;
		};
/* End XCConfigurationList section */
	};
	rootObject = 6A832D49102EC30100510B1F /* Project object */;
}
